
Microsoft Visual Studio Solution File, Format Version 12.00
# Visual Studio Version 16
VisualStudioVersion = 16.0.32126.315
MinimumVisualStudioVersion = 10.0.40219.1
Project("{FAE04EC0-301F-11D3-BF4B-00C04F79EFBC}") = "BTL_LTWeb", "BTL_LTWeb\BTL_LTWeb.csproj", "{094ED72C-2599-4FB8-B33C-7C05B1D09E61}"
EndProject
Global
	GlobalSection(SolutionConfigurationPlatforms) = preSolution
		Debug|Any CPU = Debug|Any CPU
		Release|Any CPU = Release|Any CPU
	EndGlobalSection
	GlobalSection(ProjectConfigurationPlatforms) = postSolution
		{094ED72C-2599-4FB8-B33C-7C05B1D09E61}.Debug|Any CPU.ActiveCfg = Debug|Any CPU
		{094ED72C-2599-4FB8-B33C-7C05B1D09E61}.Debug|Any CPU.Build.0 = Debug|Any CPU
		{094ED72C-2599-4FB8-B33C-7C05B1D09E61}.Release|Any CPU.ActiveCfg = Release|Any CPU
		{094ED72C-2599-4FB8-B33C-7C05B1D09E61}.Release|Any CPU.Build.0 = Release|Any CPU
	EndGlobalSection
	GlobalSection(SolutionProperties) = preSolution
		HideSolutionNode = FALSE
	EndGlobalSection
	GlobalSection(ExtensibilityGlobals) = postSolution
		SolutionGuid = {E801AC78-A074-4460-8BBC-B25DF38D2221}
	EndGlobalSection
EndGlobal
